<?xml version="1.0" encoding="utf-8"?>
<Project ToolsVersion="4.0" xmlns="http://schemas.microsoft.com/developer/msbuild/2003">
  <ItemGroup>
    <Filter Include="ソース ファイル">
      <UniqueIdentifier>{4FC737F1-C7A5-4376-A066-2A32D752A2FF}</UniqueIdentifier>
      <Extensions>cpp;c;cc;cxx;def;odl;idl;hpj;bat;asm;asmx</Extensions>
    </Filter>
    <Filter Include="ヘッダー ファイル">
      <UniqueIdentifier>{93995380-89BD-4b04-88EB-625FBE52EBFB}</UniqueIdentifier>
      <Extensions>h;hh;hpp;hxx;hm;inl;inc;ipp;xsd</Extensions>
    </Filter>
    <Filter Include="リソース ファイル">
      <UniqueIdentifier>{67DA6AB6-F800-4c08-8B7A-83BB121AAD01}</UniqueIdentifier>
      <Extensions>rc;ico;cur;bmp;dlg;rc2;rct;bin;rgs;gif;jpg;jpeg;jpe;resx;tiff;tif;png;wav;mfcribbon-ms</Extensions>
    </Filter>
    <Filter Include="ソース ファイル\imgui">
      <UniqueIdentifier>{ba3e952f-7b71-4865-871c-6a69d4a86e28}</UniqueIdentifier>
    </Filter>
    <Filter Include="ヘッダー ファイル\imgui">
      <UniqueIdentifier>{687053e5-1b79-4dae-a593-99668a9e8672}</UniqueIdentifier>
    </Filter>
    <Filter Include="ヘッダー ファイル\OpenGL">
      <UniqueIdentifier>{44cf53ea-2642-4cbe-9b97-3c3eb8d2417a}</UniqueIdentifier>
    </Filter>
    <Filter Include="ヘッダー ファイル\OpenGL\MyGLFW">
      <UniqueIdentifier>{ec69fd55-61b7-4efa-ad9e-9abb39efd5db}</UniqueIdentifier>
    </Filter>
    <Filter Include="ソース ファイル\OpenGL">
      <UniqueIdentifier>{6bd473f5-ab17-4d56-8e2a-96bd67e572d2}</UniqueIdentifier>
    </Filter>
    <Filter Include="ソース ファイル\OpenGL\MyGLFW">
      <UniqueIdentifier>{2da76703-71c9-4175-b754-c6a9fe184c9d}</UniqueIdentifier>
    </Filter>
    <Filter Include="ソース ファイル\MyViewer">
      <UniqueIdentifier>{524a0b17-9818-4e2a-be40-16d70127fee9}</UniqueIdentifier>
    </Filter>
    <Filter Include="ヘッダー ファイル\MyViewer">
      <UniqueIdentifier>{7b861e5b-ef99-4146-a345-19bbe5502b78}</UniqueIdentifier>
    </Filter>
    <Filter Include="ヘッダー ファイル\GUIManager">
      <UniqueIdentifier>{5a7e97fc-46f4-4e4b-9bff-078040383358}</UniqueIdentifier>
    </Filter>
    <Filter Include="ソース ファイル\GUIManager">
      <UniqueIdentifier>{3f7bc56a-9901-4c88-bb95-feb877fac128}</UniqueIdentifier>
    </Filter>
    <Filter Include="ヘッダー ファイル\GUIWindow">
      <UniqueIdentifier>{2a37aaf2-4bdd-48d5-a560-5a6b8f5ffc1a}</UniqueIdentifier>
    </Filter>
    <Filter Include="ヘッダー ファイル\GUIWindow\ToolWindow">
      <UniqueIdentifier>{21331467-6458-43b5-8f1b-d06794f5a593}</UniqueIdentifier>
    </Filter>
    <Filter Include="ソース ファイル\GUIManager\ToolWindow">
      <UniqueIdentifier>{5da78009-dbff-4bdf-b94d-383fdf14b8d8}</UniqueIdentifier>
    </Filter>
    <Filter Include="ヘッダー ファイル\MenuBar">
      <UniqueIdentifier>{b0262d7e-4db5-43dd-9c07-8942fafa1d27}</UniqueIdentifier>
    </Filter>
    <Filter Include="ソース ファイル\MenuBar">
      <UniqueIdentifier>{c131053d-ad79-46a6-b2f4-6f971ba31998}</UniqueIdentifier>
    </Filter>
  </ItemGroup>
  <ItemGroup>
    <ClCompile Include="src\imgui\imgui.cpp">
      <Filter>ソース ファイル\imgui</Filter>
    </ClCompile>
    <ClCompile Include="src\imgui\imgui_demo.cpp">
      <Filter>ソース ファイル\imgui</Filter>
    </ClCompile>
    <ClCompile Include="src\imgui\imgui_draw.cpp">
      <Filter>ソース ファイル\imgui</Filter>
    </ClCompile>
    <ClCompile Include="src\imgui\imgui_widgets.cpp">
      <Filter>ソース ファイル\imgui</Filter>
    </ClCompile>
    <ClCompile Include="src\imgui\imgui_impl_glfw.cpp">
      <Filter>ソース ファイル\imgui</Filter>
    </ClCompile>
    <ClCompile Include="src\imgui\imgui_impl_opengl3.cpp">
      <Filter>ソース ファイル\imgui</Filter>
    </ClCompile>
    <ClCompile Include="src\OpenGL\MyGLFW\MyGLFW.cpp">
      <Filter>ソース ファイル\OpenGL\MyGLFW</Filter>
    </ClCompile>
    <ClCompile Include="src\MyViewer\MyViewer.cpp">
      <Filter>ソース ファイル\MyViewer</Filter>
    </ClCompile>
    <ClCompile Include="src\main.cpp">
      <Filter>ソース ファイル</Filter>
    </ClCompile>
    <ClCompile Include="src\GUIManager\GUIManager.cpp">
      <Filter>ソース ファイル\GUIManager</Filter>
    </ClCompile>
    <ClCompile Include="src\GUIWindow\ToolWindow\ToolWindow.cpp">
      <Filter>ソース ファイル\GUIManager\ToolWindow</Filter>
    </ClCompile>
    <ClCompile Include="src\MenuBar\MenuBar.cpp">
      <Filter>ソース ファイル\MenuBar</Filter>
    </ClCompile>
  </ItemGroup>
  <ItemGroup>
    <ClInclude Include="src\imgui\imconfig.h">
      <Filter>ヘッダー ファイル\imgui</Filter>
    </ClInclude>
    <ClInclude Include="src\imgui\imgui.h">
      <Filter>ヘッダー ファイル\imgui</Filter>
    </ClInclude>
    <ClInclude Include="src\imgui\imgui_internal.h">
      <Filter>ヘッダー ファイル\imgui</Filter>
    </ClInclude>
    <ClInclude Include="src\imgui\imstb_rectpack.h">
      <Filter>ヘッダー ファイル\imgui</Filter>
    </ClInclude>
    <ClInclude Include="src\imgui\imstb_textedit.h">
      <Filter>ヘッダー ファイル\imgui</Filter>
    </ClInclude>
    <ClInclude Include="src\imgui\imstb_truetype.h">
      <Filter>ヘッダー ファイル\imgui</Filter>
    </ClInclude>
    <ClInclude Include="src\imgui\imgui_impl_glfw.h">
      <Filter>ヘッダー ファイル\imgui</Filter>
    </ClInclude>
    <ClInclude Include="src\imgui\imgui_impl_opengl3.h">
      <Filter>ヘッダー ファイル\imgui</Filter>
    </ClInclude>
    <ClInclude Include="src\OpenGL\MyGLFW\MyGLFW.hpp">
      <Filter>ヘッダー ファイル\OpenGL\MyGLFW</Filter>
    </ClInclude>
    <ClInclude Include="src\OpenGL\MyGLFW\KeyBoardState.hpp">
      <Filter>ヘッダー ファイル\OpenGL\MyGLFW</Filter>
    </ClInclude>
    <ClInclude Include="src\MyViewer\MyViewer.hpp">
      <Filter>ヘッダー ファイル\MyViewer</Filter>
    </ClInclude>
    <ClInclude Include="src\MainInfo.hpp">
      <Filter>ヘッダー ファイル</Filter>
    </ClInclude>
    <ClInclude Include="src\MyViewer\MyViewerDefine.hpp">
      <Filter>ヘッダー ファイル\MyViewer</Filter>
    </ClInclude>
    <ClInclude Include="src\GUIManager\GUIManager.hpp">
      <Filter>ヘッダー ファイル\GUIManager</Filter>
    </ClInclude>
    <ClInclude Include="src\GUIWindow\GUIWindow.hpp">
      <Filter>ヘッダー ファイル\GUIWindow</Filter>
    </ClInclude>
    <ClInclude Include="src\GUIWindow\ToolWindow\ToolWindow.hpp">
      <Filter>ヘッダー ファイル\GUIWindow\ToolWindow</Filter>
    </ClInclude>
    <ClInclude Include="src\GUIWindow\ToolWindow\ToolWindowDefine.hpp">
      <Filter>ヘッダー ファイル\GUIWindow\ToolWindow</Filter>
    </ClInclude>
    <ClInclude Include="src\MenuBar\MenuBar.hpp">
      <Filter>ヘッダー ファイル\MenuBar</Filter>
    </ClInclude>
    <ClInclude Include="src\MenuBar\MenuBarDefine.hpp">
      <Filter>ヘッダー ファイル\MenuBar</Filter>
    </ClInclude>
  </ItemGroup>
</Project>